// !$*UTF8*$!
{
	archiveVersion = 1;
	classes = {
	};
	objectVersion = 45;
	objects = {

/* Begin PBXBuildFile section */
		1DDD582C0DA1D0D100B32029 /* BMQueryDocument.xib in Resources */ = {isa = PBXBuildFile; fileRef = 1DDD58280DA1D0D100B32029 /* BMQueryDocument.xib */; };
		1DDD582D0DA1D0D100B32029 /* MainMenu.xib in Resources */ = {isa = PBXBuildFile; fileRef = 1DDD582A0DA1D0D100B32029 /* MainMenu.xib */; };
		5F12E29F11946EDA00534D85 /* ASIFormDataRequest.m in Sources */ = {isa = PBXBuildFile; fileRef = 5F12E29311946EDA00534D85 /* ASIFormDataRequest.m */; };
		5F12E2A011946EDA00534D85 /* ASIHTTPRequest.m in Sources */ = {isa = PBXBuildFile; fileRef = 5F12E29511946EDA00534D85 /* ASIHTTPRequest.m */; };
		5F12E2A111946EDA00534D85 /* ASIInputStream.m in Sources */ = {isa = PBXBuildFile; fileRef = 5F12E29911946EDA00534D85 /* ASIInputStream.m */; };
		5F12E2A211946EDA00534D85 /* ASINetworkQueue.m in Sources */ = {isa = PBXBuildFile; fileRef = 5F12E29B11946EDA00534D85 /* ASINetworkQueue.m */; };
		5F12E2A311946EDA00534D85 /* ASINSStringAdditions.m in Sources */ = {isa = PBXBuildFile; fileRef = 5F12E29D11946EDA00534D85 /* ASINSStringAdditions.m */; };
		5F12E2A911946F0300534D85 /* BMQuery.m in Sources */ = {isa = PBXBuildFile; fileRef = 5F12E2A811946F0300534D85 /* BMQuery.m */; };
		5F12E2C711946FF600534D85 /* CoreServices.framework in Frameworks */ = {isa = PBXBuildFile; fileRef = 5F12E2C611946FF600534D85 /* CoreServices.framework */; };
		5F12E2CC1194700300534D85 /* SystemConfiguration.framework in Frameworks */ = {isa = PBXBuildFile; fileRef = 5F12E2CB1194700300534D85 /* SystemConfiguration.framework */; };
		5F12E2D61194703000534D85 /* libz.dylib in Frameworks */ = {isa = PBXBuildFile; fileRef = 5F12E2D51194703000534D85 /* libz.dylib */; };
		5F12E33A119471FB00534D85 /* BMDataset.m in Sources */ = {isa = PBXBuildFile; fileRef = 5F12E339119471FB00534D85 /* BMDataset.m */; };
		5F12E33D1194724000534D85 /* BMFilter.m in Sources */ = {isa = PBXBuildFile; fileRef = 5F12E33C1194724000534D85 /* BMFilter.m */; };
		5F12E3401194724800534D85 /* BMAttribute.m in Sources */ = {isa = PBXBuildFile; fileRef = 5F12E33F1194724800534D85 /* BMAttribute.m */; };
		5F12E35B1194758800534D85 /* BMQueryXMLParser.m in Sources */ = {isa = PBXBuildFile; fileRef = 5F12E35A1194758800534D85 /* BMQueryXMLParser.m */; };
		5F12E424119486DF00534D85 /* BMRegistry.m in Sources */ = {isa = PBXBuildFile; fileRef = 5F12E423119486DF00534D85 /* BMRegistry.m */; };
		5F12E4271194870800534D85 /* BMart.m in Sources */ = {isa = PBXBuildFile; fileRef = 5F12E4261194870800534D85 /* BMart.m */; };
		5F12E42A1194879100534D85 /* BMDatasetConfig.m in Sources */ = {isa = PBXBuildFile; fileRef = 5F12E4291194879000534D85 /* BMDatasetConfig.m */; };
		5F12E42E119488C700534D85 /* BMartService.m in Sources */ = {isa = PBXBuildFile; fileRef = 5F12E42D119488C700534D85 /* BMartService.m */; };
		5F12E4341194893900534D85 /* BMRegistryXMLParser.m in Sources */ = {isa = PBXBuildFile; fileRef = 5F12E4331194893900534D85 /* BMRegistryXMLParser.m */; };
		5F98D8FA1195F3B000B0E315 /* icon.png in Resources */ = {isa = PBXBuildFile; fileRef = 5F98D8F91195F3B000B0E315 /* icon.png */; };
		5F98D90A1195F44C00B0E315 /* icon.icns in Resources */ = {isa = PBXBuildFile; fileRef = 5F98D9091195F44C00B0E315 /* icon.icns */; };
		5FDF63AD1195D3710044118E /* BMDatasetTableParser.m in Sources */ = {isa = PBXBuildFile; fileRef = 5FDF63AC1195D3710044118E /* BMDatasetTableParser.m */; };
		5FDF63B91195D5150044118E /* CSVParser.m in Sources */ = {isa = PBXBuildFile; fileRef = 5FDF63B81195D5150044118E /* CSVParser.m */; };
		5FF5E5DE1194936C00C8E2FE /* BMAppDelegate.m in Sources */ = {isa = PBXBuildFile; fileRef = 5FF5E5DD1194936C00C8E2FE /* BMAppDelegate.m */; };
		5FF5E6151194944100C8E2FE /* BMConstants.m in Sources */ = {isa = PBXBuildFile; fileRef = 5FF5E6141194944100C8E2FE /* BMConstants.m */; };
		8D15AC2C0486D014006FF6A4 /* Credits.rtf in Resources */ = {isa = PBXBuildFile; fileRef = 2A37F4B9FDCFA73011CA2CEA /* Credits.rtf */; };
		8D15AC2F0486D014006FF6A4 /* InfoPlist.strings in Resources */ = {isa = PBXBuildFile; fileRef = 089C165FFE840EACC02AAC07 /* InfoPlist.strings */; };
		8D15AC310486D014006FF6A4 /* BMQueryDocument.m in Sources */ = {isa = PBXBuildFile; fileRef = 2A37F4ACFDCFA73011CA2CEA /* BMQueryDocument.m */; settings = {ATTRIBUTES = (); }; };
		8D15AC320486D014006FF6A4 /* main.m in Sources */ = {isa = PBXBuildFile; fileRef = 2A37F4B0FDCFA73011CA2CEA /* main.m */; settings = {ATTRIBUTES = (); }; };
		8D15AC340486D014006FF6A4 /* Cocoa.framework in Frameworks */ = {isa = PBXBuildFile; fileRef = 1058C7A7FEA54F5311CA2CBB /* Cocoa.framework */; };
/* End PBXBuildFile section */

/* Begin PBXFileReference section */
		089C1660FE840EACC02AAC07 /* English */ = {isa = PBXFileReference; fileEncoding = 4; lastKnownFileType = text.plist.strings; name = English; path = English.lproj/InfoPlist.strings; sourceTree = "<group>"; };
		1058C7A7FEA54F5311CA2CBB /* Cocoa.framework */ = {isa = PBXFileReference; lastKnownFileType = wrapper.framework; name = Cocoa.framework; path = /System/Library/Frameworks/Cocoa.framework; sourceTree = "<absolute>"; };
		13E42FBA07B3F13500E4EEF1 /* CoreData.framework */ = {isa = PBXFileReference; lastKnownFileType = wrapper.framework; name = CoreData.framework; path = /System/Library/Frameworks/CoreData.framework; sourceTree = "<absolute>"; };
		1DDD58290DA1D0D100B32029 /* English */ = {isa = PBXFileReference; lastKnownFileType = file.xib; name = English; path = English.lproj/BMQueryDocument.xib; sourceTree = "<group>"; };
		1DDD582B0DA1D0D100B32029 /* English */ = {isa = PBXFileReference; lastKnownFileType = file.xib; name = English; path = English.lproj/MainMenu.xib; sourceTree = "<group>"; };
		2564AD2C0F5327BB00F57823 /* Biomartify_Prefix.pch */ = {isa = PBXFileReference; fileEncoding = 4; lastKnownFileType = sourcecode.c.h; path = Biomartify_Prefix.pch; sourceTree = "<group>"; };
		2A37F4ACFDCFA73011CA2CEA /* BMQueryDocument.m */ = {isa = PBXFileReference; fileEncoding = 4; lastKnownFileType = sourcecode.c.objc; path = BMQueryDocument.m; sourceTree = "<group>"; };
		2A37F4AEFDCFA73011CA2CEA /* BMQueryDocument.h */ = {isa = PBXFileReference; fileEncoding = 4; lastKnownFileType = sourcecode.c.h; path = BMQueryDocument.h; sourceTree = "<group>"; };
		2A37F4B0FDCFA73011CA2CEA /* main.m */ = {isa = PBXFileReference; fileEncoding = 4; lastKnownFileType = sourcecode.c.objc; path = main.m; sourceTree = "<group>"; };
		2A37F4BAFDCFA73011CA2CEA /* English */ = {isa = PBXFileReference; lastKnownFileType = text.rtf; name = English; path = English.lproj/Credits.rtf; sourceTree = "<group>"; };
		2A37F4C4FDCFA73011CA2CEA /* AppKit.framework */ = {isa = PBXFileReference; lastKnownFileType = wrapper.framework; name = AppKit.framework; path = /System/Library/Frameworks/AppKit.framework; sourceTree = "<absolute>"; };
		2A37F4C5FDCFA73011CA2CEA /* Foundation.framework */ = {isa = PBXFileReference; lastKnownFileType = wrapper.framework; name = Foundation.framework; path = /System/Library/Frameworks/Foundation.framework; sourceTree = "<absolute>"; };
		5F12E29211946EDA00534D85 /* ASIFormDataRequest.h */ = {isa = PBXFileReference; fileEncoding = 4; lastKnownFileType = sourcecode.c.h; path = ASIFormDataRequest.h; sourceTree = "<group>"; };
		5F12E29311946EDA00534D85 /* ASIFormDataRequest.m */ = {isa = PBXFileReference; fileEncoding = 4; lastKnownFileType = sourcecode.c.objc; path = ASIFormDataRequest.m; sourceTree = "<group>"; };
		5F12E29411946EDA00534D85 /* ASIHTTPRequest.h */ = {isa = PBXFileReference; fileEncoding = 4; lastKnownFileType = sourcecode.c.h; path = ASIHTTPRequest.h; sourceTree = "<group>"; };
		5F12E29511946EDA00534D85 /* ASIHTTPRequest.m */ = {isa = PBXFileReference; fileEncoding = 4; lastKnownFileType = sourcecode.c.objc; path = ASIHTTPRequest.m; sourceTree = "<group>"; };
		5F12E29611946EDA00534D85 /* ASIHTTPRequestConfig.h */ = {isa = PBXFileReference; fileEncoding = 4; lastKnownFileType = sourcecode.c.h; path = ASIHTTPRequestConfig.h; sourceTree = "<group>"; };
		5F12E29711946EDA00534D85 /* ASIHTTPRequestDelegate.h */ = {isa = PBXFileReference; fileEncoding = 4; lastKnownFileType = sourcecode.c.h; path = ASIHTTPRequestDelegate.h; sourceTree = "<group>"; };
		5F12E29811946EDA00534D85 /* ASIInputStream.h */ = {isa = PBXFileReference; fileEncoding = 4; lastKnownFileType = sourcecode.c.h; path = ASIInputStream.h; sourceTree = "<group>"; };
		5F12E29911946EDA00534D85 /* ASIInputStream.m */ = {isa = PBXFileReference; fileEncoding = 4; lastKnownFileType = sourcecode.c.objc; path = ASIInputStream.m; sourceTree = "<group>"; };
		5F12E29A11946EDA00534D85 /* ASINetworkQueue.h */ = {isa = PBXFileReference; fileEncoding = 4; lastKnownFileType = sourcecode.c.h; path = ASINetworkQueue.h; sourceTree = "<group>"; };
		5F12E29B11946EDA00534D85 /* ASINetworkQueue.m */ = {isa = PBXFileReference; fileEncoding = 4; lastKnownFileType = sourcecode.c.objc; path = ASINetworkQueue.m; sourceTree = "<group>"; };
		5F12E29C11946EDA00534D85 /* ASINSStringAdditions.h */ = {isa = PBXFileReference; fileEncoding = 4; lastKnownFileType = sourcecode.c.h; path = ASINSStringAdditions.h; sourceTree = "<group>"; };
		5F12E29D11946EDA00534D85 /* ASINSStringAdditions.m */ = {isa = PBXFileReference; fileEncoding = 4; lastKnownFileType = sourcecode.c.objc; path = ASINSStringAdditions.m; sourceTree = "<group>"; };
		5F12E29E11946EDA00534D85 /* ASIProgressDelegate.h */ = {isa = PBXFileReference; fileEncoding = 4; lastKnownFileType = sourcecode.c.h; path = ASIProgressDelegate.h; sourceTree = "<group>"; };
		5F12E2A711946F0300534D85 /* BMQuery.h */ = {isa = PBXFileReference; fileEncoding = 4; lastKnownFileType = sourcecode.c.h; path = BMQuery.h; sourceTree = "<group>"; };
		5F12E2A811946F0300534D85 /* BMQuery.m */ = {isa = PBXFileReference; fileEncoding = 4; lastKnownFileType = sourcecode.c.objc; path = BMQuery.m; sourceTree = "<group>"; };
		5F12E2C611946FF600534D85 /* CoreServices.framework */ = {isa = PBXFileReference; lastKnownFileType = wrapper.framework; name = CoreServices.framework; path = System/Library/Frameworks/CoreServices.framework; sourceTree = SDKROOT; };
		5F12E2CB1194700300534D85 /* SystemConfiguration.framework */ = {isa = PBXFileReference; lastKnownFileType = wrapper.framework; name = SystemConfiguration.framework; path = System/Library/Frameworks/SystemConfiguration.framework; sourceTree = SDKROOT; };
		5F12E2D51194703000534D85 /* libz.dylib */ = {isa = PBXFileReference; lastKnownFileType = "compiled.mach-o.dylib"; name = libz.dylib; path = usr/lib/libz.dylib; sourceTree = SDKROOT; };
		5F12E2E31194707300534D85 /* example-query.bmart */ = {isa = PBXFileReference; fileEncoding = 4; lastKnownFileType = text; path = "example-query.bmart"; sourceTree = "<group>"; };
		5F12E338119471FB00534D85 /* BMDataset.h */ = {isa = PBXFileReference; fileEncoding = 4; lastKnownFileType = sourcecode.c.h; path = BMDataset.h; sourceTree = "<group>"; };
		5F12E339119471FB00534D85 /* BMDataset.m */ = {isa = PBXFileReference; fileEncoding = 4; lastKnownFileType = sourcecode.c.objc; path = BMDataset.m; sourceTree = "<group>"; };
		5F12E33B1194724000534D85 /* BMFilter.h */ = {isa = PBXFileReference; fileEncoding = 4; lastKnownFileType = sourcecode.c.h; path = BMFilter.h; sourceTree = "<group>"; };
		5F12E33C1194724000534D85 /* BMFilter.m */ = {isa = PBXFileReference; fileEncoding = 4; lastKnownFileType = sourcecode.c.objc; path = BMFilter.m; sourceTree = "<group>"; };
		5F12E33E1194724800534D85 /* BMAttribute.h */ = {isa = PBXFileReference; fileEncoding = 4; lastKnownFileType = sourcecode.c.h; path = BMAttribute.h; sourceTree = "<group>"; };
		5F12E33F1194724800534D85 /* BMAttribute.m */ = {isa = PBXFileReference; fileEncoding = 4; lastKnownFileType = sourcecode.c.objc; path = BMAttribute.m; sourceTree = "<group>"; };
		5F12E3591194758800534D85 /* BMQueryXMLParser.h */ = {isa = PBXFileReference; fileEncoding = 4; lastKnownFileType = sourcecode.c.h; path = BMQueryXMLParser.h; sourceTree = "<group>"; };
		5F12E35A1194758800534D85 /* BMQueryXMLParser.m */ = {isa = PBXFileReference; fileEncoding = 4; lastKnownFileType = sourcecode.c.objc; path = BMQueryXMLParser.m; sourceTree = "<group>"; };
		5F12E422119486DF00534D85 /* BMRegistry.h */ = {isa = PBXFileReference; fileEncoding = 4; lastKnownFileType = sourcecode.c.h; path = BMRegistry.h; sourceTree = "<group>"; };
		5F12E423119486DF00534D85 /* BMRegistry.m */ = {isa = PBXFileReference; fileEncoding = 4; lastKnownFileType = sourcecode.c.objc; path = BMRegistry.m; sourceTree = "<group>"; };
		5F12E4251194870800534D85 /* BMart.h */ = {isa = PBXFileReference; fileEncoding = 4; lastKnownFileType = sourcecode.c.h; path = BMart.h; sourceTree = "<group>"; };
		5F12E4261194870800534D85 /* BMart.m */ = {isa = PBXFileReference; fileEncoding = 4; lastKnownFileType = sourcecode.c.objc; path = BMart.m; sourceTree = "<group>"; };
		5F12E4281194879000534D85 /* BMDatasetConfig.h */ = {isa = PBXFileReference; fileEncoding = 4; lastKnownFileType = sourcecode.c.h; path = BMDatasetConfig.h; sourceTree = "<group>"; };
		5F12E4291194879000534D85 /* BMDatasetConfig.m */ = {isa = PBXFileReference; fileEncoding = 4; lastKnownFileType = sourcecode.c.objc; path = BMDatasetConfig.m; sourceTree = "<group>"; };
		5F12E42C119488C700534D85 /* BMartService.h */ = {isa = PBXFileReference; fileEncoding = 4; lastKnownFileType = sourcecode.c.h; path = BMartService.h; sourceTree = "<group>"; };
		5F12E42D119488C700534D85 /* BMartService.m */ = {isa = PBXFileReference; fileEncoding = 4; lastKnownFileType = sourcecode.c.objc; path = BMartService.m; sourceTree = "<group>"; };
		5F12E4321194893900534D85 /* BMRegistryXMLParser.h */ = {isa = PBXFileReference; fileEncoding = 4; lastKnownFileType = sourcecode.c.h; path = BMRegistryXMLParser.h; sourceTree = "<group>"; };
		5F12E4331194893900534D85 /* BMRegistryXMLParser.m */ = {isa = PBXFileReference; fileEncoding = 4; lastKnownFileType = sourcecode.c.objc; path = BMRegistryXMLParser.m; sourceTree = "<group>"; };
		5F98D8F91195F3B000B0E315 /* icon.png */ = {isa = PBXFileReference; lastKnownFileType = image.png; path = icon.png; sourceTree = "<group>"; };
		5F98D9091195F44C00B0E315 /* icon.icns */ = {isa = PBXFileReference; lastKnownFileType = image.icns; path = icon.icns; sourceTree = "<group>"; };
		5FDF63AB1195D3710044118E /* BMDatasetTableParser.h */ = {isa = PBXFileReference; fileEncoding = 4; lastKnownFileType = sourcecode.c.h; path = BMDatasetTableParser.h; sourceTree = "<group>"; };
		5FDF63AC1195D3710044118E /* BMDatasetTableParser.m */ = {isa = PBXFileReference; fileEncoding = 4; lastKnownFileType = sourcecode.c.objc; path = BMDatasetTableParser.m; sourceTree = "<group>"; };
		5FDF63B71195D5150044118E /* CSVParser.h */ = {isa = PBXFileReference; fileEncoding = 4; lastKnownFileType = sourcecode.c.h; path = CSVParser.h; sourceTree = "<group>"; };
		5FDF63B81195D5150044118E /* CSVParser.m */ = {isa = PBXFileReference; fileEncoding = 4; lastKnownFileType = sourcecode.c.objc; path = CSVParser.m; sourceTree = "<group>"; };
		5FF5E5DC1194936C00C8E2FE /* BMAppDelegate.h */ = {isa = PBXFileReference; fileEncoding = 4; lastKnownFileType = sourcecode.c.h; path = BMAppDelegate.h; sourceTree = "<group>"; };
		5FF5E5DD1194936C00C8E2FE /* BMAppDelegate.m */ = {isa = PBXFileReference; fileEncoding = 4; lastKnownFileType = sourcecode.c.objc; path = BMAppDelegate.m; sourceTree = "<group>"; };
		5FF5E6131194944100C8E2FE /* BMConstants.h */ = {isa = PBXFileReference; fileEncoding = 4; lastKnownFileType = sourcecode.c.h; path = BMConstants.h; sourceTree = "<group>"; };
		5FF5E6141194944100C8E2FE /* BMConstants.m */ = {isa = PBXFileReference; fileEncoding = 4; lastKnownFileType = sourcecode.c.objc; path = BMConstants.m; sourceTree = "<group>"; };
		8D15AC360486D014006FF6A4 /* Biomartify-Info.plist */ = {isa = PBXFileReference; fileEncoding = 4; lastKnownFileType = text.plist.xml; path = "Biomartify-Info.plist"; sourceTree = "<group>"; };
		8D15AC370486D014006FF6A4 /* Biomartify.app */ = {isa = PBXFileReference; explicitFileType = wrapper.application; includeInIndex = 0; path = Biomartify.app; sourceTree = BUILT_PRODUCTS_DIR; };
/* End PBXFileReference section */

/* Begin PBXFrameworksBuildPhase section */
		8D15AC330486D014006FF6A4 /* Frameworks */ = {
			isa = PBXFrameworksBuildPhase;
			buildActionMask = 2147483647;
			files = (
				8D15AC340486D014006FF6A4 /* Cocoa.framework in Frameworks */,
				5F12E2C711946FF600534D85 /* CoreServices.framework in Frameworks */,
				5F12E2CC1194700300534D85 /* SystemConfiguration.framework in Frameworks */,
				5F12E2D61194703000534D85 /* libz.dylib in Frameworks */,
			);
			runOnlyForDeploymentPostprocessing = 0;
		};
/* End PBXFrameworksBuildPhase section */

/* Begin PBXGroup section */
		1058C7A6FEA54F5311CA2CBB /* Linked Frameworks */ = {
			isa = PBXGroup;
			children = (
				1058C7A7FEA54F5311CA2CBB /* Cocoa.framework */,
			);
			name = "Linked Frameworks";
			sourceTree = "<group>";
		};
		1058C7A8FEA54F5311CA2CBB /* Other Frameworks */ = {
			isa = PBXGroup;
			children = (
				2A37F4C4FDCFA73011CA2CEA /* AppKit.framework */,
				13E42FBA07B3F13500E4EEF1 /* CoreData.framework */,
				2A37F4C5FDCFA73011CA2CEA /* Foundation.framework */,
			);
			name = "Other Frameworks";
			sourceTree = "<group>";
		};
		19C28FB0FE9D524F11CA2CBB /* Products */ = {
			isa = PBXGroup;
			children = (
				8D15AC370486D014006FF6A4 /* Biomartify.app */,
			);
			name = Products;
			sourceTree = "<group>";
		};
		2A37F4AAFDCFA73011CA2CEA /* Biomartify */ = {
			isa = PBXGroup;
			children = (
				2A37F4ABFDCFA73011CA2CEA /* Classes */,
				2A37F4AFFDCFA73011CA2CEA /* Other Sources */,
				2A37F4B8FDCFA73011CA2CEA /* Resources */,
				2A37F4C3FDCFA73011CA2CEA /* Frameworks */,
				19C28FB0FE9D524F11CA2CBB /* Products */,
				5F12E2C611946FF600534D85 /* CoreServices.framework */,
				5F12E2CB1194700300534D85 /* SystemConfiguration.framework */,
				5F12E2D51194703000534D85 /* libz.dylib */,
			);
			name = Biomartify;
			sourceTree = "<group>";
		};
		2A37F4ABFDCFA73011CA2CEA /* Classes */ = {
			isa = PBXGroup;
			children = (
				95BC054A119595CA00F747E1 /* Cocoa Categories */,
				5F12E28D11946ECB00534D85 /* Model */,
				5F12E42B119488B800534D85 /* Model Controller */,
				95BC06281195A3A900F747E1 /* Document Controller */,
				5FF5E5E01194937400C8E2FE /* Application Controller */,
				5F12E2A511946EE600534D85 /* External */,
			);
			name = Classes;
			sourceTree = "<group>";
		};
		2A37F4AFFDCFA73011CA2CEA /* Other Sources */ = {
			isa = PBXGroup;
			children = (
				2564AD2C0F5327BB00F57823 /* Biomartify_Prefix.pch */,
				2A37F4B0FDCFA73011CA2CEA /* main.m */,
				5FF5E6131194944100C8E2FE /* BMConstants.h */,
				5FF5E6141194944100C8E2FE /* BMConstants.m */,
			);
			name = "Other Sources";
			sourceTree = "<group>";
		};
		2A37F4B8FDCFA73011CA2CEA /* Resources */ = {
			isa = PBXGroup;
			children = (
				5F98D9091195F44C00B0E315 /* icon.icns */,
				5F98D8F91195F3B000B0E315 /* icon.png */,
				2A37F4B9FDCFA73011CA2CEA /* Credits.rtf */,
				8D15AC360486D014006FF6A4 /* Biomartify-Info.plist */,
				089C165FFE840EACC02AAC07 /* InfoPlist.strings */,
				1DDD58280DA1D0D100B32029 /* BMQueryDocument.xib */,
				1DDD582A0DA1D0D100B32029 /* MainMenu.xib */,
				5F12E2E31194707300534D85 /* example-query.bmart */,
			);
			name = Resources;
			sourceTree = "<group>";
		};
		2A37F4C3FDCFA73011CA2CEA /* Frameworks */ = {
			isa = PBXGroup;
			children = (
				1058C7A6FEA54F5311CA2CBB /* Linked Frameworks */,
				1058C7A8FEA54F5311CA2CBB /* Other Frameworks */,
			);
			name = Frameworks;
			sourceTree = "<group>";
		};
		5F12E28D11946ECB00534D85 /* Model */ = {
			isa = PBXGroup;
			children = (
				5FDF63AA1195D3610044118E /* Dataset */,
				5F12E4311194892900534D85 /* Mart */,
				5F12E42F1194890F00534D85 /* Registry */,
				5F12E4301194891700534D85 /* Query */,
			);
			name = Model;
			sourceTree = "<group>";
		};
		5F12E2A511946EE600534D85 /* External */ = {
			isa = PBXGroup;
			children = (
				5FDF63BA1195D5180044118E /* CSVParser */,
				5F12E2A611946EEA00534D85 /* ASIHTTPRequest */,
			);
			name = External;
			sourceTree = "<group>";
		};
		5F12E2A611946EEA00534D85 /* ASIHTTPRequest */ = {
			isa = PBXGroup;
			children = (
				5F12E29211946EDA00534D85 /* ASIFormDataRequest.h */,
				5F12E29311946EDA00534D85 /* ASIFormDataRequest.m */,
				5F12E29411946EDA00534D85 /* ASIHTTPRequest.h */,
				5F12E29511946EDA00534D85 /* ASIHTTPRequest.m */,
				5F12E29611946EDA00534D85 /* ASIHTTPRequestConfig.h */,
				5F12E29711946EDA00534D85 /* ASIHTTPRequestDelegate.h */,
				5F12E29811946EDA00534D85 /* ASIInputStream.h */,
				5F12E29911946EDA00534D85 /* ASIInputStream.m */,
				5F12E29A11946EDA00534D85 /* ASINetworkQueue.h */,
				5F12E29B11946EDA00534D85 /* ASINetworkQueue.m */,
				5F12E29C11946EDA00534D85 /* ASINSStringAdditions.h */,
				5F12E29D11946EDA00534D85 /* ASINSStringAdditions.m */,
				5F12E29E11946EDA00534D85 /* ASIProgressDelegate.h */,
			);
			name = ASIHTTPRequest;
			sourceTree = "<group>";
		};
		5F12E42B119488B800534D85 /* Model Controller */ = {
			isa = PBXGroup;
			children = (
				5F12E42C119488C700534D85 /* BMartService.h */,
				5F12E42D119488C700534D85 /* BMartService.m */,
			);
			name = "Model Controller";
			sourceTree = "<group>";
		};
		5F12E42F1194890F00534D85 /* Registry */ = {
			isa = PBXGroup;
			children = (
				5F12E422119486DF00534D85 /* BMRegistry.h */,
				5F12E423119486DF00534D85 /* BMRegistry.m */,
				5F12E4321194893900534D85 /* BMRegistryXMLParser.h */,
				5F12E4331194893900534D85 /* BMRegistryXMLParser.m */,
			);
			name = Registry;
			sourceTree = "<group>";
		};
		5F12E4301194891700534D85 /* Query */ = {
			isa = PBXGroup;
			children = (
				5F12E2A711946F0300534D85 /* BMQuery.h */,
				5F12E2A811946F0300534D85 /* BMQuery.m */,
				5F12E3591194758800534D85 /* BMQueryXMLParser.h */,
				5F12E35A1194758800534D85 /* BMQueryXMLParser.m */,
				5F12E33B1194724000534D85 /* BMFilter.h */,
				5F12E33C1194724000534D85 /* BMFilter.m */,
				5F12E33E1194724800534D85 /* BMAttribute.h */,
				5F12E33F1194724800534D85 /* BMAttribute.m */,
			);
			name = Query;
			sourceTree = "<group>";
		};
		5F12E4311194892900534D85 /* Mart */ = {
			isa = PBXGroup;
			children = (
				5F12E4251194870800534D85 /* BMart.h */,
				5F12E4261194870800534D85 /* BMart.m */,
				5F12E4281194879000534D85 /* BMDatasetConfig.h */,
				5F12E4291194879000534D85 /* BMDatasetConfig.m */,
			);
			name = Mart;
			sourceTree = "<group>";
		};
		5FDF63AA1195D3610044118E /* Dataset */ = {
			isa = PBXGroup;
			children = (
				5F12E338119471FB00534D85 /* BMDataset.h */,
				5F12E339119471FB00534D85 /* BMDataset.m */,
				5FDF63AB1195D3710044118E /* BMDatasetTableParser.h */,
				5FDF63AC1195D3710044118E /* BMDatasetTableParser.m */,
			);
			name = Dataset;
			sourceTree = "<group>";
		};
		5FDF63BA1195D5180044118E /* CSVParser */ = {
			isa = PBXGroup;
			children = (
				5FDF63B71195D5150044118E /* CSVParser.h */,
				5FDF63B81195D5150044118E /* CSVParser.m */,
			);
			name = CSVParser;
			sourceTree = "<group>";
		};
		5FF5E5E01194937400C8E2FE /* Application Controller */ = {
			isa = PBXGroup;
			children = (
				5FF5E5DC1194936C00C8E2FE /* BMAppDelegate.h */,
				5FF5E5DD1194936C00C8E2FE /* BMAppDelegate.m */,
			);
			name = "Application Controller";
			sourceTree = "<group>";
		};
		95BC054A119595CA00F747E1 /* Cocoa Categories */ = {
			isa = PBXGroup;
			children = (
			);
			name = "Cocoa Categories";
			sourceTree = "<group>";
		};
		95BC06281195A3A900F747E1 /* Document Controller */ = {
			isa = PBXGroup;
			children = (
				2A37F4AEFDCFA73011CA2CEA /* BMQueryDocument.h */,
				2A37F4ACFDCFA73011CA2CEA /* BMQueryDocument.m */,
			);
			name = "Document Controller";
			sourceTree = "<group>";
		};
/* End PBXGroup section */

/* Begin PBXNativeTarget section */
		8D15AC270486D014006FF6A4 /* Biomartify */ = {
			isa = PBXNativeTarget;
			buildConfigurationList = C05733C708A9546B00998B17 /* Build configuration list for PBXNativeTarget "Biomartify" */;
			buildPhases = (
				8D15AC2B0486D014006FF6A4 /* Resources */,
				8D15AC300486D014006FF6A4 /* Sources */,
				8D15AC330486D014006FF6A4 /* Frameworks */,
			);
			buildRules = (
			);
			dependencies = (
			);
			name = Biomartify;
			productInstallPath = "$(HOME)/Applications";
			productName = Biomartify;
			productReference = 8D15AC370486D014006FF6A4 /* Biomartify.app */;
			productType = "com.apple.product-type.application";
		};
/* End PBXNativeTarget section */

/* Begin PBXProject section */
		2A37F4A9FDCFA73011CA2CEA /* Project object */ = {
			isa = PBXProject;
			buildConfigurationList = C05733CB08A9546B00998B17 /* Build configuration list for PBXProject "Biomartify" */;
			compatibilityVersion = "Xcode 3.1";
			hasScannedForEncodings = 1;
			mainGroup = 2A37F4AAFDCFA73011CA2CEA /* Biomartify */;
			projectDirPath = "";
			projectRoot = "";
			targets = (
				8D15AC270486D014006FF6A4 /* Biomartify */,
			);
		};
/* End PBXProject section */

/* Begin PBXResourcesBuildPhase section */
		8D15AC2B0486D014006FF6A4 /* Resources */ = {
			isa = PBXResourcesBuildPhase;
			buildActionMask = 2147483647;
			files = (
				8D15AC2C0486D014006FF6A4 /* Credits.rtf in Resources */,
				8D15AC2F0486D014006FF6A4 /* InfoPlist.strings in Resources */,
				1DDD582C0DA1D0D100B32029 /* BMQueryDocument.xib in Resources */,
				1DDD582D0DA1D0D100B32029 /* MainMenu.xib in Resources */,
				5F98D8FA1195F3B000B0E315 /* icon.png in Resources */,
				5F98D90A1195F44C00B0E315 /* icon.icns in Resources */,
			);
			runOnlyForDeploymentPostprocessing = 0;
		};
/* End PBXResourcesBuildPhase section */

/* Begin PBXSourcesBuildPhase section */
		8D15AC300486D014006FF6A4 /* Sources */ = {
			isa = PBXSourcesBuildPhase;
			buildActionMask = 2147483647;
			files = (
				8D15AC310486D014006FF6A4 /* BMQueryDocument.m in Sources */,
				8D15AC320486D014006FF6A4 /* main.m in Sources */,
				5F12E29F11946EDA00534D85 /* ASIFormDataRequest.m in Sources */,
				5F12E2A011946EDA00534D85 /* ASIHTTPRequest.m in Sources */,
				5F12E2A111946EDA00534D85 /* ASIInputStream.m in Sources */,
				5F12E2A211946EDA00534D85 /* ASINetworkQueue.m in Sources */,
				5F12E2A311946EDA00534D85 /* ASINSStringAdditions.m in Sources */,
				5F12E2A911946F0300534D85 /* BMQuery.m in Sources */,
				5F12E33A119471FB00534D85 /* BMDataset.m in Sources */,
				5F12E33D1194724000534D85 /* BMFilter.m in Sources */,
				5F12E3401194724800534D85 /* BMAttribute.m in Sources */,
				5F12E35B1194758800534D85 /* BMQueryXMLParser.m in Sources */,
				5F12E424119486DF00534D85 /* BMRegistry.m in Sources */,
				5F12E4271194870800534D85 /* BMart.m in Sources */,
				5F12E42A1194879100534D85 /* BMDatasetConfig.m in Sources */,
				5F12E42E119488C700534D85 /* BMartService.m in Sources */,
				5F12E4341194893900534D85 /* BMRegistryXMLParser.m in Sources */,
				5FF5E5DE1194936C00C8E2FE /* BMAppDelegate.m in Sources */,
				5FF5E6151194944100C8E2FE /* BMConstants.m in Sources */,
				5FDF63AD1195D3710044118E /* BMDatasetTableParser.m in Sources */,
				5FDF63B91195D5150044118E /* CSVParser.m in Sources */,
			);
			runOnlyForDeploymentPostprocessing = 0;
		};
/* End PBXSourcesBuildPhase section */

/* Begin PBXVariantGroup section */
		089C165FFE840EACC02AAC07 /* InfoPlist.strings */ = {
			isa = PBXVariantGroup;
			children = (
				089C1660FE840EACC02AAC07 /* English */,
			);
			name = InfoPlist.strings;
			sourceTree = "<group>";
		};
		1DDD58280DA1D0D100B32029 /* BMQueryDocument.xib */ = {
			isa = PBXVariantGroup;
			children = (
				1DDD58290DA1D0D100B32029 /* English */,
			);
			name = BMQueryDocument.xib;
			sourceTree = "<group>";
		};
		1DDD582A0DA1D0D100B32029 /* MainMenu.xib */ = {
			isa = PBXVariantGroup;
			children = (
				1DDD582B0DA1D0D100B32029 /* English */,
			);
			name = MainMenu.xib;
			sourceTree = "<group>";
		};
		2A37F4B9FDCFA73011CA2CEA /* Credits.rtf */ = {
			isa = PBXVariantGroup;
			children = (
				2A37F4BAFDCFA73011CA2CEA /* English */,
			);
			name = Credits.rtf;
			sourceTree = "<group>";
		};
/* End PBXVariantGroup section */

/* Begin XCBuildConfiguration section */
		C05733C808A9546B00998B17 /* Debug */ = {
			isa = XCBuildConfiguration;
			buildSettings = {
				ALWAYS_SEARCH_USER_PATHS = NO;
				COPY_PHASE_STRIP = NO;
				GCC_DYNAMIC_NO_PIC = NO;
				GCC_ENABLE_FIX_AND_CONTINUE = YES;
				GCC_MODEL_TUNING = G5;
				GCC_OPTIMIZATION_LEVEL = 0;
				GCC_PRECOMPILE_PREFIX_HEADER = YES;
				GCC_PREFIX_HEADER = Biomartify_Prefix.pch;
				GCC_PREPROCESSOR_DEFINITIONS = "DEBUG=1";
				INFOPLIST_FILE = "Biomartify-Info.plist";
				INSTALL_PATH = "$(HOME)/Applications";
				PRODUCT_NAME = Biomartify;
				SDKROOT = macosx10.5;
			};
			name = Debug;
		};
		C05733C908A9546B00998B17 /* Release */ = {
			isa = XCBuildConfiguration;
			buildSettings = {
				ALWAYS_SEARCH_USER_PATHS = NO;
				DEBUG_INFORMATION_FORMAT = "dwarf-with-dsym";
				GCC_MODEL_TUNING = G5;
				GCC_PRECOMPILE_PREFIX_HEADER = YES;
				GCC_PREFIX_HEADER = Biomartify_Prefix.pch;
				INFOPLIST_FILE = "Biomartify-Info.plist";
				INSTALL_PATH = "$(HOME)/Applications";
				PRODUCT_NAME = Biomartify;
			};
			name = Release;
		};
		C05733CC08A9546B00998B17 /* Debug */ = {
			isa = XCBuildConfiguration;
			buildSettings = {
				ARCHS = "$(ARCHS_STANDARD_32_64_BIT)";
				GCC_C_LANGUAGE_STANDARD = gnu99;
				GCC_OPTIMIZATION_LEVEL = 0;
				GCC_WARN_ABOUT_RETURN_TYPE = YES;
				GCC_WARN_UNUSED_VARIABLE = YES;
				ONLY_ACTIVE_ARCH = YES;
				PREBINDING = NO;
				SDKROOT = macosx10.6;
			};
			name = Debug;
		};
		C05733CD08A9546B00998B17 /* Release */ = {
			isa = XCBuildConfiguration;
			buildSettings = {
				ARCHS = "$(ARCHS_STANDARD_32_64_BIT)";
				GCC_C_LANGUAGE_STANDARD = gnu99;
				GCC_WARN_ABOUT_RETURN_TYPE = YES;
				GCC_WARN_UNUSED_VARIABLE = YES;
				PREBINDING = NO;
				SDKROOT = macosx10.6;
			};
			name = Release;
		};
/* End XCBuildConfiguration section */

/* Begin XCConfigurationList section */
		C05733C708A9546B00998B17 /* Build configuration list for PBXNativeTarget "Biomartify" */ = {
			isa = XCConfigurationList;
			buildConfigurations = (
				C05733C808A9546B00998B17 /* Debug */,
				C05733C908A9546B00998B17 /* Release */,
			);
			defaultConfigurationIsVisible = 0;
			defaultConfigurationName = Release;
		};
		C05733CB08A9546B00998B17 /* Build configuration list for PBXProject "Biomartify" */ = {
			isa = XCConfigurationList;
			buildConfigurations = (
				C05733CC08A9546B00998B17 /* Debug */,
				C05733CD08A9546B00998B17 /* Release */,
			);
			defaultConfigurationIsVisible = 0;
			defaultConfigurationName = Release;
		};
/* End XCConfigurationList section */
	};
	rootObject = 2A37F4A9FDCFA73011CA2CEA /* Project object */;
}
